// !$*UTF8*$!
{
	archiveVersion = 1;
	classes = {
	};
	objectVersion = 46;
	objects = {

/* Begin PBXBuildFile section */
		42A2F7C61A1B17F600C379A1 /* AFHTTPRequestOperation.m in Sources */ = {isa = PBXBuildFile; fileRef = 42A2F7B41A1B17F600C379A1 /* AFHTTPRequestOperation.m */; };
		42A2F7C71A1B17F600C379A1 /* AFHTTPRequestOperationManager.m in Sources */ = {isa = PBXBuildFile; fileRef = 42A2F7B61A1B17F600C379A1 /* AFHTTPRequestOperationManager.m */; };
		42A2F7C81A1B17F600C379A1 /* AFHTTPSessionManager.m in Sources */ = {isa = PBXBuildFile; fileRef = 42A2F7B81A1B17F600C379A1 /* AFHTTPSessionManager.m */; };
		42A2F7C91A1B17F600C379A1 /* AFNetworkReachabilityManager.m in Sources */ = {isa = PBXBuildFile; fileRef = 42A2F7BB1A1B17F600C379A1 /* AFNetworkReachabilityManager.m */; };
		42A2F7CA1A1B17F600C379A1 /* AFSecurityPolicy.m in Sources */ = {isa = PBXBuildFile; fileRef = 42A2F7BD1A1B17F600C379A1 /* AFSecurityPolicy.m */; };
		42A2F7CB1A1B17F600C379A1 /* AFURLConnectionOperation.m in Sources */ = {isa = PBXBuildFile; fileRef = 42A2F7BF1A1B17F600C379A1 /* AFURLConnectionOperation.m */; };
		42A2F7CC1A1B17F600C379A1 /* AFURLRequestSerialization.m in Sources */ = {isa = PBXBuildFile; fileRef = 42A2F7C11A1B17F600C379A1 /* AFURLRequestSerialization.m */; };
		42A2F7CD1A1B17F600C379A1 /* AFURLResponseSerialization.m in Sources */ = {isa = PBXBuildFile; fileRef = 42A2F7C31A1B17F600C379A1 /* AFURLResponseSerialization.m */; };
		42A2F7CE1A1B17F600C379A1 /* AFURLSessionManager.m in Sources */ = {isa = PBXBuildFile; fileRef = 42A2F7C51A1B17F600C379A1 /* AFURLSessionManager.m */; };
		42C3118B1A19CCF70098D882 /* AppDelegate.swift in Sources */ = {isa = PBXBuildFile; fileRef = 42C3118A1A19CCF70098D882 /* AppDelegate.swift */; };
		42C3118D1A19CCF70098D882 /* ViewController.swift in Sources */ = {isa = PBXBuildFile; fileRef = 42C3118C1A19CCF70098D882 /* ViewController.swift */; };
		42C311901A19CCF70098D882 /* Main.storyboard in Resources */ = {isa = PBXBuildFile; fileRef = 42C3118E1A19CCF70098D882 /* Main.storyboard */; };
		42C311921A19CCF70098D882 /* Images.xcassets in Resources */ = {isa = PBXBuildFile; fileRef = 42C311911A19CCF70098D882 /* Images.xcassets */; };
		42C311951A19CCF70098D882 /* LaunchScreen.xib in Resources */ = {isa = PBXBuildFile; fileRef = 42C311931A19CCF70098D882 /* LaunchScreen.xib */; };
		42C311A11A19CCF70098D882 /* AwwTests.swift in Sources */ = {isa = PBXBuildFile; fileRef = 42C311A01A19CCF70098D882 /* AwwTests.swift */; };
		42C311AB1A19D3530098D882 /* Placeholder.png in Resources */ = {isa = PBXBuildFile; fileRef = 42C311AA1A19D3530098D882 /* Placeholder.png */; };
/* End PBXBuildFile section */

/* Begin PBXContainerItemProxy section */
		42C3119B1A19CCF70098D882 /* PBXContainerItemProxy */ = {
			isa = PBXContainerItemProxy;
			containerPortal = 42C3117D1A19CCF70098D882 /* Project object */;
			proxyType = 1;
			remoteGlobalIDString = 42C311841A19CCF70098D882;
			remoteInfo = Aww;
		};
/* End PBXContainerItemProxy section */

/* Begin PBXFileReference section */
		42A2F7B31A1B17F600C379A1 /* AFHTTPRequestOperation.h */ = {isa = PBXFileReference; fileEncoding = 4; lastKnownFileType = sourcecode.c.h; path = AFHTTPRequestOperation.h; sourceTree = "<group>"; };
		42A2F7B41A1B17F600C379A1 /* AFHTTPRequestOperation.m */ = {isa = PBXFileReference; fileEncoding = 4; lastKnownFileType = sourcecode.c.objc; path = AFHTTPRequestOperation.m; sourceTree = "<group>"; };
		42A2F7B51A1B17F600C379A1 /* AFHTTPRequestOperationManager.h */ = {isa = PBXFileReference; fileEncoding = 4; lastKnownFileType = sourcecode.c.h; path = AFHTTPRequestOperationManager.h; sourceTree = "<group>"; };
		42A2F7B61A1B17F600C379A1 /* AFHTTPRequestOperationManager.m */ = {isa = PBXFileReference; fileEncoding = 4; lastKnownFileType = sourcecode.c.objc; path = AFHTTPRequestOperationManager.m; sourceTree = "<group>"; };
		42A2F7B71A1B17F600C379A1 /* AFHTTPSessionManager.h */ = {isa = PBXFileReference; fileEncoding = 4; lastKnownFileType = sourcecode.c.h; path = AFHTTPSessionManager.h; sourceTree = "<group>"; };
		42A2F7B81A1B17F600C379A1 /* AFHTTPSessionManager.m */ = {isa = PBXFileReference; fileEncoding = 4; lastKnownFileType = sourcecode.c.objc; path = AFHTTPSessionManager.m; sourceTree = "<group>"; };
		42A2F7B91A1B17F600C379A1 /* AFNetworking.h */ = {isa = PBXFileReference; fileEncoding = 4; lastKnownFileType = sourcecode.c.h; path = AFNetworking.h; sourceTree = "<group>"; };
		42A2F7BA1A1B17F600C379A1 /* AFNetworkReachabilityManager.h */ = {isa = PBXFileReference; fileEncoding = 4; lastKnownFileType = sourcecode.c.h; path = AFNetworkReachabilityManager.h; sourceTree = "<group>"; };
		42A2F7BB1A1B17F600C379A1 /* AFNetworkReachabilityManager.m */ = {isa = PBXFileReference; fileEncoding = 4; lastKnownFileType = sourcecode.c.objc; path = AFNetworkReachabilityManager.m; sourceTree = "<group>"; };
		42A2F7BC1A1B17F600C379A1 /* AFSecurityPolicy.h */ = {isa = PBXFileReference; fileEncoding = 4; lastKnownFileType = sourcecode.c.h; path = AFSecurityPolicy.h; sourceTree = "<group>"; };
		42A2F7BD1A1B17F600C379A1 /* AFSecurityPolicy.m */ = {isa = PBXFileReference; fileEncoding = 4; lastKnownFileType = sourcecode.c.objc; path = AFSecurityPolicy.m; sourceTree = "<group>"; };
		42A2F7BE1A1B17F600C379A1 /* AFURLConnectionOperation.h */ = {isa = PBXFileReference; fileEncoding = 4; lastKnownFileType = sourcecode.c.h; path = AFURLConnectionOperation.h; sourceTree = "<group>"; };
		42A2F7BF1A1B17F600C379A1 /* AFURLConnectionOperation.m */ = {isa = PBXFileReference; fileEncoding = 4; lastKnownFileType = sourcecode.c.objc; path = AFURLConnectionOperation.m; sourceTree = "<group>"; };
		42A2F7C01A1B17F600C379A1 /* AFURLRequestSerialization.h */ = {isa = PBXFileReference; fileEncoding = 4; lastKnownFileType = sourcecode.c.h; path = AFURLRequestSerialization.h; sourceTree = "<group>"; };
		42A2F7C11A1B17F600C379A1 /* AFURLRequestSerialization.m */ = {isa = PBXFileReference; fileEncoding = 4; lastKnownFileType = sourcecode.c.objc; path = AFURLRequestSerialization.m; sourceTree = "<group>"; };
		42A2F7C21A1B17F600C379A1 /* AFURLResponseSerialization.h */ = {isa = PBXFileReference; fileEncoding = 4; lastKnownFileType = sourcecode.c.h; path = AFURLResponseSerialization.h; sourceTree = "<group>"; };
		42A2F7C31A1B17F600C379A1 /* AFURLResponseSerialization.m */ = {isa = PBXFileReference; fileEncoding = 4; lastKnownFileType = sourcecode.c.objc; path = AFURLResponseSerialization.m; sourceTree = "<group>"; };
		42A2F7C41A1B17F600C379A1 /* AFURLSessionManager.h */ = {isa = PBXFileReference; fileEncoding = 4; lastKnownFileType = sourcecode.c.h; path = AFURLSessionManager.h; sourceTree = "<group>"; };
		42A2F7C51A1B17F600C379A1 /* AFURLSessionManager.m */ = {isa = PBXFileReference; fileEncoding = 4; lastKnownFileType = sourcecode.c.objc; path = AFURLSessionManager.m; sourceTree = "<group>"; };
		42A2F7CF1A1B199800C379A1 /* bridge.h */ = {isa = PBXFileReference; lastKnownFileType = sourcecode.c.h; path = bridge.h; sourceTree = "<group>"; };
		42C311851A19CCF70098D882 /* Aww.app */ = {isa = PBXFileReference; explicitFileType = wrapper.application; includeInIndex = 0; path = Aww.app; sourceTree = BUILT_PRODUCTS_DIR; };
		42C311891A19CCF70098D882 /* Info.plist */ = {isa = PBXFileReference; lastKnownFileType = text.plist.xml; path = Info.plist; sourceTree = "<group>"; };
		42C3118A1A19CCF70098D882 /* AppDelegate.swift */ = {isa = PBXFileReference; lastKnownFileType = sourcecode.swift; path = AppDelegate.swift; sourceTree = "<group>"; };
		42C3118C1A19CCF70098D882 /* ViewController.swift */ = {isa = PBXFileReference; lastKnownFileType = sourcecode.swift; path = ViewController.swift; sourceTree = "<group>"; };
		42C3118F1A19CCF70098D882 /* Base */ = {isa = PBXFileReference; lastKnownFileType = file.storyboard; name = Base; path = Base.lproj/Main.storyboard; sourceTree = "<group>"; };
		42C311911A19CCF70098D882 /* Images.xcassets */ = {isa = PBXFileReference; lastKnownFileType = folder.assetcatalog; path = Images.xcassets; sourceTree = "<group>"; };
		42C311941A19CCF70098D882 /* Base */ = {isa = PBXFileReference; lastKnownFileType = file.xib; name = Base; path = Base.lproj/LaunchScreen.xib; sourceTree = "<group>"; };
		42C3119A1A19CCF70098D882 /* AwwTests.xctest */ = {isa = PBXFileReference; explicitFileType = wrapper.cfbundle; includeInIndex = 0; path = AwwTests.xctest; sourceTree = BUILT_PRODUCTS_DIR; };
		42C3119F1A19CCF70098D882 /* Info.plist */ = {isa = PBXFileReference; lastKnownFileType = text.plist.xml; path = Info.plist; sourceTree = "<group>"; };
		42C311A01A19CCF70098D882 /* AwwTests.swift */ = {isa = PBXFileReference; lastKnownFileType = sourcecode.swift; path = AwwTests.swift; sourceTree = "<group>"; };
		42C311AA1A19D3530098D882 /* Placeholder.png */ = {isa = PBXFileReference; lastKnownFileType = image.png; path = Placeholder.png; sourceTree = "<group>"; };
/* End PBXFileReference section */

/* Begin PBXFrameworksBuildPhase section */
		42C311821A19CCF70098D882 /* Frameworks */ = {
			isa = PBXFrameworksBuildPhase;
			buildActionMask = 2147483647;
			files = (
			);
			runOnlyForDeploymentPostprocessing = 0;
		};
		42C311971A19CCF70098D882 /* Frameworks */ = {
			isa = PBXFrameworksBuildPhase;
			buildActionMask = 2147483647;
			files = (
			);
			runOnlyForDeploymentPostprocessing = 0;
		};
/* End PBXFrameworksBuildPhase section */

/* Begin PBXGroup section */
		42A2F7B21A1B17F600C379A1 /* AFNetworking */ = {
			isa = PBXGroup;
			children = (
				42A2F7B31A1B17F600C379A1 /* AFHTTPRequestOperation.h */,
				42A2F7B41A1B17F600C379A1 /* AFHTTPRequestOperation.m */,
				42A2F7B51A1B17F600C379A1 /* AFHTTPRequestOperationManager.h */,
				42A2F7B61A1B17F600C379A1 /* AFHTTPRequestOperationManager.m */,
				42A2F7B71A1B17F600C379A1 /* AFHTTPSessionManager.h */,
				42A2F7B81A1B17F600C379A1 /* AFHTTPSessionManager.m */,
				42A2F7B91A1B17F600C379A1 /* AFNetworking.h */,
				42A2F7BA1A1B17F600C379A1 /* AFNetworkReachabilityManager.h */,
				42A2F7BB1A1B17F600C379A1 /* AFNetworkReachabilityManager.m */,
				42A2F7BC1A1B17F600C379A1 /* AFSecurityPolicy.h */,
				42A2F7BD1A1B17F600C379A1 /* AFSecurityPolicy.m */,
				42A2F7BE1A1B17F600C379A1 /* AFURLConnectionOperation.h */,
				42A2F7BF1A1B17F600C379A1 /* AFURLConnectionOperation.m */,
				42A2F7C01A1B17F600C379A1 /* AFURLRequestSerialization.h */,
				42A2F7C11A1B17F600C379A1 /* AFURLRequestSerialization.m */,
				42A2F7C21A1B17F600C379A1 /* AFURLResponseSerialization.h */,
				42A2F7C31A1B17F600C379A1 /* AFURLResponseSerialization.m */,
				42A2F7C41A1B17F600C379A1 /* AFURLSessionManager.h */,
				42A2F7C51A1B17F600C379A1 /* AFURLSessionManager.m */,
			);
			path = AFNetworking;
			sourceTree = "<group>";
		};
		42C3117C1A19CCF70098D882 = {
			isa = PBXGroup;
			children = (
				42A2F7CF1A1B199800C379A1 /* bridge.h */,
				42C311871A19CCF70098D882 /* Aww */,
				42C3119D1A19CCF70098D882 /* AwwTests */,
				42C311861A19CCF70098D882 /* Products */,
			);
			sourceTree = "<group>";
		};
		42C311861A19CCF70098D882 /* Products */ = {
			isa = PBXGroup;
			children = (
				42C311851A19CCF70098D882 /* Aww.app */,
				42C3119A1A19CCF70098D882 /* AwwTests.xctest */,
			);
			name = Products;
			sourceTree = "<group>";
		};
		42C311871A19CCF70098D882 /* Aww */ = {
			isa = PBXGroup;
			children = (
				42A2F7B21A1B17F600C379A1 /* AFNetworking */,
				42C311AA1A19D3530098D882 /* Placeholder.png */,
				42C3118A1A19CCF70098D882 /* AppDelegate.swift */,
				42C3118C1A19CCF70098D882 /* ViewController.swift */,
				42C3118E1A19CCF70098D882 /* Main.storyboard */,
				42C311911A19CCF70098D882 /* Images.xcassets */,
				42C311931A19CCF70098D882 /* LaunchScreen.xib */,
				42C311881A19CCF70098D882 /* Supporting Files */,
			);
			path = Aww;
			sourceTree = "<group>";
		};
		42C311881A19CCF70098D882 /* Supporting Files */ = {
			isa = PBXGroup;
			children = (
				42C311891A19CCF70098D882 /* Info.plist */,
			);
			name = "Supporting Files";
			sourceTree = "<group>";
		};
		42C3119D1A19CCF70098D882 /* AwwTests */ = {
			isa = PBXGroup;
			children = (
				42C311A01A19CCF70098D882 /* AwwTests.swift */,
				42C3119E1A19CCF70098D882 /* Supporting Files */,
			);
			path = AwwTests;
			sourceTree = "<group>";
		};
		42C3119E1A19CCF70098D882 /* Supporting Files */ = {
			isa = PBXGroup;
			children = (
				42C3119F1A19CCF70098D882 /* Info.plist */,
			);
			name = "Supporting Files";
			sourceTree = "<group>";
		};
/* End PBXGroup section */

/* Begin PBXNativeTarget section */
		42C311841A19CCF70098D882 /* Aww */ = {
			isa = PBXNativeTarget;
			buildConfigurationList = 42C311A41A19CCF70098D882 /* Build configuration list for PBXNativeTarget "Aww" */;
			buildPhases = (
				42C311811A19CCF70098D882 /* Sources */,
				42C311821A19CCF70098D882 /* Frameworks */,
				42C311831A19CCF70098D882 /* Resources */,
			);
			buildRules = (
			);
			dependencies = (
			);
			name = Aww;
			productName = Aww;
			productReference = 42C311851A19CCF70098D882 /* Aww.app */;
			productType = "com.apple.product-type.application";
		};
		42C311991A19CCF70098D882 /* AwwTests */ = {
			isa = PBXNativeTarget;
			buildConfigurationList = 42C311A71A19CCF70098D882 /* Build configuration list for PBXNativeTarget "AwwTests" */;
			buildPhases = (
				42C311961A19CCF70098D882 /* Sources */,
				42C311971A19CCF70098D882 /* Frameworks */,
				42C311981A19CCF70098D882 /* Resources */,
			);
			buildRules = (
			);
			dependencies = (
				42C3119C1A19CCF70098D882 /* PBXTargetDependency */,
			);
			name = AwwTests;
			productName = AwwTests;
			productReference = 42C3119A1A19CCF70098D882 /* AwwTests.xctest */;
			productType = "com.apple.product-type.bundle.unit-test";
		};
/* End PBXNativeTarget section */

/* Begin PBXProject section */
		42C3117D1A19CCF70098D882 /* Project object */ = {
			isa = PBXProject;
			attributes = {
				LastUpgradeCheck = 0610;
				ORGANIZATIONNAME = "Daniel Riaz";
				TargetAttributes = {
					42C311841A19CCF70098D882 = {
						CreatedOnToolsVersion = 6.1;
					};
					42C311991A19CCF70098D882 = {
						CreatedOnToolsVersion = 6.1;
						TestTargetID = 42C311841A19CCF70098D882;
					};
				};
			};
			buildConfigurationList = 42C311801A19CCF70098D882 /* Build configuration list for PBXProject "Aww" */;
			compatibilityVersion = "Xcode 3.2";
			developmentRegion = English;
			hasScannedForEncodings = 0;
			knownRegions = (
				en,
				Base,
			);
			mainGroup = 42C3117C1A19CCF70098D882;
			productRefGroup = 42C311861A19CCF70098D882 /* Products */;
			projectDirPath = "";
			projectRoot = "";
			targets = (
				42C311841A19CCF70098D882 /* Aww */,
				42C311991A19CCF70098D882 /* AwwTests */,
			);
		};
/* End PBXProject section */

/* Begin PBXResourcesBuildPhase section */
		42C311831A19CCF70098D882 /* Resources */ = {
			isa = PBXResourcesBuildPhase;
			buildActionMask = 2147483647;
			files = (
				42C311901A19CCF70098D882 /* Main.storyboard in Resources */,
				42C311AB1A19D3530098D882 /* Placeholder.png in Resources */,
				42C311951A19CCF70098D882 /* LaunchScreen.xib in Resources */,
				42C311921A19CCF70098D882 /* Images.xcassets in Resources */,
			);
			runOnlyForDeploymentPostprocessing = 0;
		};
		42C311981A19CCF70098D882 /* Resources */ = {
			isa = PBXResourcesBuildPhase;
			buildActionMask = 2147483647;
			files = (
			);
			runOnlyForDeploymentPostprocessing = 0;
		};
/* End PBXResourcesBuildPhase section */

/* Begin PBXSourcesBuildPhase section */
		42C311811A19CCF70098D882 /* Sources */ = {
			isa = PBXSourcesBuildPhase;
			buildActionMask = 2147483647;
			files = (
				42A2F7CC1A1B17F600C379A1 /* AFURLRequestSerialization.m in Sources */,
				42A2F7CB1A1B17F600C379A1 /* AFURLConnectionOperation.m in Sources */,
				42A2F7CA1A1B17F600C379A1 /* AFSecurityPolicy.m in Sources */,
				42A2F7C61A1B17F600C379A1 /* AFHTTPRequestOperation.m in Sources */,
				42A2F7CE1A1B17F600C379A1 /* AFURLSessionManager.m in Sources */,
				42A2F7CD1A1B17F600C379A1 /* AFURLResponseSerialization.m in Sources */,
				42C3118D1A19CCF70098D882 /* ViewController.swift in Sources */,
				42A2F7C81A1B17F600C379A1 /* AFHTTPSessionManager.m in Sources */,
				42A2F7C71A1B17F600C379A1 /* AFHTTPRequestOperationManager.m in Sources */,
				42A2F7C91A1B17F600C379A1 /* AFNetworkReachabilityManager.m in Sources */,
				42C3118B1A19CCF70098D882 /* AppDelegate.swift in Sources */,
			);
			runOnlyForDeploymentPostprocessing = 0;
		};
		42C311961A19CCF70098D882 /* Sources */ = {
			isa = PBXSourcesBuildPhase;
			buildActionMask = 2147483647;
			files = (
				42C311A11A19CCF70098D882 /* AwwTests.swift in Sources */,
			);
			runOnlyForDeploymentPostprocessing = 0;
		};
/* End PBXSourcesBuildPhase section */

/* Begin PBXTargetDependency section */
		42C3119C1A19CCF70098D882 /* PBXTargetDependency */ = {
			isa = PBXTargetDependency;
			target = 42C311841A19CCF70098D882 /* Aww */;
			targetProxy = 42C3119B1A19CCF70098D882 /* PBXContainerItemProxy */;
		};
/* End PBXTargetDependency section */

/* Begin PBXVariantGroup section */
		42C3118E1A19CCF70098D882 /* Main.storyboard */ = {
			isa = PBXVariantGroup;
			children = (
				42C3118F1A19CCF70098D882 /* Base */,
			);
			name = Main.storyboard;
			sourceTree = "<group>";
		};
		42C311931A19CCF70098D882 /* LaunchScreen.xib */ = {
			isa = PBXVariantGroup;
			children = (
				42C311941A19CCF70098D882 /* Base */,
			);
			name = LaunchScreen.xib;
			sourceTree = "<group>";
		};
/* End PBXVariantGroup section */

/* Begin XCBuildConfiguration section */
		42C311A21A19CCF70098D882 /* Debug */ = {
			isa = XCBuildConfiguration;
			buildSettings = {
				ALWAYS_SEARCH_USER_PATHS = NO;
				CLANG_CXX_LANGUAGE_STANDARD = "gnu++0x";
				CLANG_CXX_LIBRARY = "libc++";
				CLANG_ENABLE_MODULES = YES;
				CLANG_ENABLE_OBJC_ARC = YES;
				CLANG_WARN_BOOL_CONVERSION = YES;
				CLANG_WARN_CONSTANT_CONVERSION = YES;
				CLANG_WARN_DIRECT_OBJC_ISA_USAGE = YES_ERROR;
				CLANG_WARN_EMPTY_BODY = YES;
				CLANG_WARN_ENUM_CONVERSION = YES;
				CLANG_WARN_INT_CONVERSION = YES;
				CLANG_WARN_OBJC_ROOT_CLASS = YES_ERROR;
				CLANG_WARN_UNREACHABLE_CODE = YES;
				CLANG_WARN__DUPLICATE_METHOD_MATCH = YES;
				"CODE_SIGN_IDENTITY[sdk=iphoneos*]" = "iPhone Developer";
				COPY_PHASE_STRIP = NO;
				ENABLE_STRICT_OBJC_MSGSEND = YES;
				GCC_C_LANGUAGE_STANDARD = gnu99;
				GCC_DYNAMIC_NO_PIC = NO;
				GCC_OPTIMIZATION_LEVEL = 0;
				GCC_PREPROCESSOR_DEFINITIONS = (
					"DEBUG=1",
					"$(inherited)",
				);
				GCC_SYMBOLS_PRIVATE_EXTERN = NO;
				GCC_WARN_64_TO_32_BIT_CONVERSION = YES;
				GCC_WARN_ABOUT_RETURN_TYPE = YES_ERROR;
				GCC_WARN_UNDECLARED_SELECTOR = YES;
				GCC_WARN_UNINITIALIZED_AUTOS = YES_AGGRESSIVE;
				GCC_WARN_UNUSED_FUNCTION = YES;
				GCC_WARN_UNUSED_VARIABLE = YES;
				IPHONEOS_DEPLOYMENT_TARGET = 8.1;
				MTL_ENABLE_DEBUG_INFO = YES;
				ONLY_ACTIVE_ARCH = YES;
				SDKROOT = iphoneos;
				SWIFT_OPTIMIZATION_LEVEL = "-Onone";
			};
			name = Debug;
		};
		42C311A31A19CCF70098D882 /* Release */ = {
			isa = XCBuildConfiguration;
			buildSettings = {
				ALWAYS_SEARCH_USER_PATHS = NO;
				CLANG_CXX_LANGUAGE_STANDARD = "gnu++0x";
				CLANG_CXX_LIBRARY = "libc++";
				CLANG_ENABLE_MODULES = YES;
				CLANG_ENABLE_OBJC_ARC = YES;
				CLANG_WARN_BOOL_CONVERSION = YES;
				CLANG_WARN_CONSTANT_CONVERSION = YES;
				CLANG_WARN_DIRECT_OBJC_ISA_USAGE = YES_ERROR;
				CLANG_WARN_EMPTY_BODY = YES;
				CLANG_WARN_ENUM_CONVERSION = YES;
				CLANG_WARN_INT_CONVERSION = YES;
				CLANG_WARN_OBJC_ROOT_CLASS = YES_ERROR;
				CLANG_WARN_UNREACHABLE_CODE = YES;
				CLANG_WARN__DUPLICATE_METHOD_MATCH = YES;
				"CODE_SIGN_IDENTITY[sdk=iphoneos*]" = "iPhone Developer";
				COPY_PHASE_STRIP = YES;
				ENABLE_NS_ASSERTIONS = NO;
				ENABLE_STRICT_OBJC_MSGSEND = YES;
				GCC_C_LANGUAGE_STANDARD = gnu99;
				GCC_WARN_64_TO_32_BIT_CONVERSION = YES;
				GCC_WARN_ABOUT_RETURN_TYPE = YES_ERROR;
				GCC_WARN_UNDECLARED_SELECTOR = YES;
				GCC_WARN_UNINITIALIZED_AUTOS = YES_AGGRESSIVE;
				GCC_WARN_UNUSED_FUNCTION = YES;
				GCC_WARN_UNUSED_VARIABLE = YES;
				IPHONEOS_DEPLOYMENT_TARGET = 8.1;
				MTL_ENABLE_DEBUG_INFO = NO;
				SDKROOT = iphoneos;
				VALIDATE_PRODUCT = YES;
			};
			name = Release;
		};
		42C311A51A19CCF70098D882 /* Debug */ = {
			isa = XCBuildConfiguration;
			buildSettings = {
				ASSETCATALOG_COMPILER_APPICON_NAME = AppIcon;
				DEFINES_MODULE = YES;
				INFOPLIST_FILE = Aww/Info.plist;
				LD_RUNPATH_SEARCH_PATHS = "$(inherited) @executable_path/Frameworks";
				PRODUCT_NAME = "$(TARGET_NAME)";
				SWIFT_OBJC_BRIDGING_HEADER = bridge.h;
			};
			name = Debug;
		};
		42C311A61A19CCF70098D882 /* Release */ = {
			isa = XCBuildConfiguration;
			buildSettings = {
				ASSETCATALOG_COMPILER_APPICON_NAME = AppIcon;
				DEFINES_MODULE = YES;
				INFOPLIST_FILE = Aww/Info.plist;
				LD_RUNPATH_SEARCH_PATHS = "$(inherited) @executable_path/Frameworks";
				PRODUCT_NAME = "$(TARGET_NAME)";
				SWIFT_OBJC_BRIDGING_HEADER = bridge.h;
			};
			name = Release;
		};
		42C311A81A19CCF70098D882 /* Debug */ = {
			isa = XCBuildConfiguration;
			buildSettings = {
				BUNDLE_LOADER = "$(TEST_HOST)";
				FRAMEWORK_SEARCH_PATHS = (
					"$(SDKROOT)/Developer/Library/Frameworks",
					"$(inherited)",
				);
				GCC_PREPROCESSOR_DEFINITIONS = (
					"DEBUG=1",
					"$(inherited)",
				);
				INFOPLIST_FILE = AwwTests/Info.plist;
				LD_RUNPATH_SEARCH_PATHS = "$(inherited) @executable_path/Frameworks @loader_path/Frameworks";
				PRODUCT_NAME = "$(TARGET_NAME)";
				TEST_HOST = "$(BUILT_PRODUCTS_DIR)/Aww.app/Aww";
			};
			name = Debug;
		};
		42C311A91A19CCF70098D882 /* Release */ = {
			isa = XCBuildConfiguration;
			buildSettings = {
				BUNDLE_LOADER = "$(TEST_HOST)";
				FRAMEWORK_SEARCH_PATHS = (
					"$(SDKROOT)/Developer/Library/Frameworks",
					"$(inherited)",
				);
				INFOPLIST_FILE = AwwTests/Info.plist;
				LD_RUNPATH_SEARCH_PATHS = "$(inherited) @executable_path/Frameworks @loader_path/Frameworks";
				PRODUCT_NAME = "$(TARGET_NAME)";
				TEST_HOST = "$(BUILT_PRODUCTS_DIR)/Aww.app/Aww";
			};
			name = Release;
		};
/* End XCBuildConfiguration section */

/* Begin XCConfigurationList section */
		42C311801A19CCF70098D882 /* Build configuration list for PBXProject "Aww" */ = {
			isa = XCConfigurationList;
			buildConfigurations = (
				42C311A21A19CCF70098D882 /* Debug */,
				42C311A31A19CCF70098D882 /* Release */,
			);
			defaultConfigurationIsVisible = 0;
			defaultConfigurationName = Release;
		};
		42C311A41A19CCF70098D882 /* Build configuration list for PBXNativeTarget "Aww" */ = {
			isa = XCConfigurationList;
			buildConfigurations = (
				42C311A51A19CCF70098D882 /* Debug */,
				42C311A61A19CCF70098D882 /* Release */,
			);
			defaultConfigurationIsVisible = 0;
			defaultConfigurationName = Release;
		};
		42C311A71A19CCF70098D882 /* Build configuration list for PBXNativeTarget "AwwTests" */ = {
			isa = XCConfigurationList;
			buildConfigurations = (
				42C311A81A19CCF70098D882 /* Debug */,
				42C311A91A19CCF70098D882 /* Release */,
			);
			defaultConfigurationIsVisible = 0;
			defaultConfigurationName = Release;
		};
/* End XCConfigurationList section */
	};
	rootObject = 42C3117D1A19CCF70098D882 /* Project object */;
}
